
Microsoft Visual Studio Solution File, Format Version 12.00
# Visual Studio Version 17
VisualStudioVersion = 17.0.31606.5
MinimumVisualStudioVersion = 10.0.40219.1
Project("{9A19103F-16F7-4668-BE54-9A1E7A4F7556}") = "Powerball", "Powerball\Powerball.csproj", "{8DFB39D4-8D9B-4330-A03F-9BD7FE7EC590}"
EndProject
Project("{9A19103F-16F7-4668-BE54-9A1E7A4F7556}") = "GameLogic", "GameLogic\GameLogic.csproj", "{4F105F3D-6730-4C2B-BFF8-F3B4E57DDAF2}"
EndProject
Project("{9A19103F-16F7-4668-BE54-9A1E7A4F7556}") = "Factorial", "..\Math 2\Factorial\Factorial.csproj", "{65B35589-372A-4A59-9F62-432E91A68B1B}"
EndProject
Project("{9A19103F-16F7-4668-BE54-9A1E7A4F7556}") = "Factorial.Test", "..\Math 2\Factorial.Test\Factorial.Test.csproj", "{67C8EA01-5025-4405-8C48-C332EAF4E22F}"
EndProject
Global
	GlobalSection(SolutionConfigurationPlatforms) = preSolution
		Debug|Any CPU = Debug|Any CPU
		Release|Any CPU = Release|Any CPU
	EndGlobalSection
	GlobalSection(ProjectConfigurationPlatforms) = postSolution
		{8DFB39D4-8D9B-4330-A03F-9BD7FE7EC590}.Debug|Any CPU.ActiveCfg = Debug|Any CPU
		{8DFB39D4-8D9B-4330-A03F-9BD7FE7EC590}.Debug|Any CPU.Build.0 = Debug|Any CPU
		{8DFB39D4-8D9B-4330-A03F-9BD7FE7EC590}.Release|Any CPU.ActiveCfg = Release|Any CPU
		{8DFB39D4-8D9B-4330-A03F-9BD7FE7EC590}.Release|Any CPU.Build.0 = Release|Any CPU
		{4F105F3D-6730-4C2B-BFF8-F3B4E57DDAF2}.Debug|Any CPU.ActiveCfg = Debug|Any CPU
		{4F105F3D-6730-4C2B-BFF8-F3B4E57DDAF2}.Debug|Any CPU.Build.0 = Debug|Any CPU
		{4F105F3D-6730-4C2B-BFF8-F3B4E57DDAF2}.Release|Any CPU.ActiveCfg = Release|Any CPU
		{4F105F3D-6730-4C2B-BFF8-F3B4E57DDAF2}.Release|Any CPU.Build.0 = Release|Any CPU
		{65B35589-372A-4A59-9F62-432E91A68B1B}.Debug|Any CPU.ActiveCfg = Debug|Any CPU
		{65B35589-372A-4A59-9F62-432E91A68B1B}.Debug|Any CPU.Build.0 = Debug|Any CPU
		{65B35589-372A-4A59-9F62-432E91A68B1B}.Release|Any CPU.ActiveCfg = Release|Any CPU
		{65B35589-372A-4A59-9F62-432E91A68B1B}.Release|Any CPU.Build.0 = Release|Any CPU
		{67C8EA01-5025-4405-8C48-C332EAF4E22F}.Debug|Any CPU.ActiveCfg = Debug|Any CPU
		{67C8EA01-5025-4405-8C48-C332EAF4E22F}.Debug|Any CPU.Build.0 = Debug|Any CPU
		{67C8EA01-5025-4405-8C48-C332EAF4E22F}.Release|Any CPU.ActiveCfg = Release|Any CPU
		{67C8EA01-5025-4405-8C48-C332EAF4E22F}.Release|Any CPU.Build.0 = Release|Any CPU
	EndGlobalSection
	GlobalSection(SolutionProperties) = preSolution
		HideSolutionNode = FALSE
	EndGlobalSection
	GlobalSection(ExtensibilityGlobals) = postSolution
		SolutionGuid = {266146A5-DF2B-4743-B5AF-EB1025696709}
	EndGlobalSection
EndGlobal
